
Microsoft Visual Studio Solution File, Format Version 12.00
# Visual Studio Version 17
VisualStudioVersion = 17.3.32804.467
MinimumVisualStudioVersion = 10.0.40219.1
Project("{9A19103F-16F7-4668-BE54-9A1E7A4F7556}") = "HealthChecksAspNet", "HealthChecksAspNet\HealthChecksAspNet.csproj", "{6579ED40-F674-4354-BD0D-66E151FAAC60}"
EndProject
Project("{9A19103F-16F7-4668-BE54-9A1E7A4F7556}") = "HealthChecksAzureFunctions", "HealthChecksAzureFunctions\HealthChecksAzureFunctions.csproj", "{15D12DAC-30D5-4455-9265-819ADAFEB018}"
EndProject
Project("{9A19103F-16F7-4668-BE54-9A1E7A4F7556}") = "HealthChecksCommon", "HealthChecksCommon\HealthChecksCommon.csproj", "{5C40C25E-3E9B-4182-828F-C9B6E4AAC07B}"
EndProject
Global
	GlobalSection(SolutionConfigurationPlatforms) = preSolution
		Debug|Any CPU = Debug|Any CPU
		Release|Any CPU = Release|Any CPU
	EndGlobalSection
	GlobalSection(ProjectConfigurationPlatforms) = postSolution
		{6579ED40-F674-4354-BD0D-66E151FAAC60}.Debug|Any CPU.ActiveCfg = Debug|Any CPU
		{6579ED40-F674-4354-BD0D-66E151FAAC60}.Debug|Any CPU.Build.0 = Debug|Any CPU
		{6579ED40-F674-4354-BD0D-66E151FAAC60}.Release|Any CPU.ActiveCfg = Release|Any CPU
		{6579ED40-F674-4354-BD0D-66E151FAAC60}.Release|Any CPU.Build.0 = Release|Any CPU
		{15D12DAC-30D5-4455-9265-819ADAFEB018}.Debug|Any CPU.ActiveCfg = Debug|Any CPU
		{15D12DAC-30D5-4455-9265-819ADAFEB018}.Debug|Any CPU.Build.0 = Debug|Any CPU
		{15D12DAC-30D5-4455-9265-819ADAFEB018}.Release|Any CPU.ActiveCfg = Release|Any CPU
		{15D12DAC-30D5-4455-9265-819ADAFEB018}.Release|Any CPU.Build.0 = Release|Any CPU
		{5C40C25E-3E9B-4182-828F-C9B6E4AAC07B}.Debug|Any CPU.ActiveCfg = Debug|Any CPU
		{5C40C25E-3E9B-4182-828F-C9B6E4AAC07B}.Debug|Any CPU.Build.0 = Debug|Any CPU
		{5C40C25E-3E9B-4182-828F-C9B6E4AAC07B}.Release|Any CPU.ActiveCfg = Release|Any CPU
		{5C40C25E-3E9B-4182-828F-C9B6E4AAC07B}.Release|Any CPU.Build.0 = Release|Any CPU
	EndGlobalSection
	GlobalSection(SolutionProperties) = preSolution
		HideSolutionNode = FALSE
	EndGlobalSection
	GlobalSection(ExtensibilityGlobals) = postSolution
		SolutionGuid = {F8C2DB72-B08D-40AE-BB1B-123402BC7A15}
	EndGlobalSection
EndGlobal
